
Microsoft Visual Studio Solution File, Format Version 12.00
# Visual Studio 15
VisualStudioVersion = 15.0.26228.4
MinimumVisualStudioVersion = 10.0.40219.1
Project("{D954291E-2A0B-460D-934E-DC6B0785DB48}") = "Hack.Xamarin", "Hack.Xamarin\Hack.Xamarin\Hack.Xamarin.shproj", "{A27A145C-3E62-4A2A-B911-4D17E41795EE}"
EndProject
Project("{FAE04EC0-301F-11D3-BF4B-00C04F79EFBC}") = "Hack.Xamarin.Android", "Hack.Xamarin\Hack.Xamarin.Android\Hack.Xamarin.Android.csproj", "{F0BDBD89-52B8-44D5-9519-789315F20F63}"
EndProject
Project("{FAE04EC0-301F-11D3-BF4B-00C04F79EFBC}") = "Hack.Xamarin.iOS", "Hack.Xamarin\Hack.Xamarin.iOS\Hack.Xamarin.iOS.csproj", "{BF3AF0CB-1B1E-4909-8253-C925550FC3EA}"
EndProject
Project("{FAE04EC0-301F-11D3-BF4B-00C04F79EFBC}") = "Hack.Xamarin.UWP", "Hack.Xamarin\Hack.Xamarin.UWP\Hack.Xamarin.UWP.csproj", "{5E66F23A-A0A8-4DE2-9266-8F9CD951DEA9}"
EndProject
Project("{FAE04EC0-301F-11D3-BF4B-00C04F79EFBC}") = "Hack.JourneyWeb", "Hack.JourneyWeb\Hack.JourneyWeb.csproj", "{07FD5A30-0C67-4A58-8DAB-5441D9E3BFA3}"
EndProject
Global
	GlobalSection(SharedMSBuildProjectFiles) = preSolution
		Hack.Xamarin\Hack.Xamarin\Hack.Xamarin.projitems*{5e66f23a-a0a8-4de2-9266-8f9cd951dea9}*SharedItemsImports = 4
		Hack.Xamarin\Hack.Xamarin\Hack.Xamarin.projitems*{a27a145c-3e62-4a2a-b911-4d17e41795ee}*SharedItemsImports = 13
		Hack.Xamarin\Hack.Xamarin\Hack.Xamarin.projitems*{bf3af0cb-1b1e-4909-8253-c925550fc3ea}*SharedItemsImports = 4
		Hack.Xamarin\Hack.Xamarin\Hack.Xamarin.projitems*{f0bdbd89-52b8-44d5-9519-789315f20f63}*SharedItemsImports = 4
	EndGlobalSection
	GlobalSection(SolutionConfigurationPlatforms) = preSolution
		Ad-Hoc|Any CPU = Ad-Hoc|Any CPU
		Ad-Hoc|ARM = Ad-Hoc|ARM
		Ad-Hoc|iPhone = Ad-Hoc|iPhone
		Ad-Hoc|iPhoneSimulator = Ad-Hoc|iPhoneSimulator
		Ad-Hoc|x64 = Ad-Hoc|x64
		Ad-Hoc|x86 = Ad-Hoc|x86
		AppStore|Any CPU = AppStore|Any CPU
		AppStore|ARM = AppStore|ARM
		AppStore|iPhone = AppStore|iPhone
		AppStore|iPhoneSimulator = AppStore|iPhoneSimulator
		AppStore|x64 = AppStore|x64
		AppStore|x86 = AppStore|x86
		Debug|Any CPU = Debug|Any CPU
		Debug|ARM = Debug|ARM
		Debug|iPhone = Debug|iPhone
		Debug|iPhoneSimulator = Debug|iPhoneSimulator
		Debug|x64 = Debug|x64
		Debug|x86 = Debug|x86
		Release|Any CPU = Release|Any CPU
		Release|ARM = Release|ARM
		Release|iPhone = Release|iPhone
		Release|iPhoneSimulator = Release|iPhoneSimulator
		Release|x64 = Release|x64
		Release|x86 = Release|x86
	EndGlobalSection
	GlobalSection(ProjectConfigurationPlatforms) = postSolution
		{F0BDBD89-52B8-44D5-9519-789315F20F63}.Ad-Hoc|Any CPU.ActiveCfg = Release|Any CPU
		{F0BDBD89-52B8-44D5-9519-789315F20F63}.Ad-Hoc|Any CPU.Build.0 = Release|Any CPU
		{F0BDBD89-52B8-44D5-9519-789315F20F63}.Ad-Hoc|Any CPU.Deploy.0 = Release|Any CPU
		{F0BDBD89-52B8-44D5-9519-789315F20F63}.Ad-Hoc|ARM.ActiveCfg = Release|Any CPU
		{F0BDBD89-52B8-44D5-9519-789315F20F63}.Ad-Hoc|ARM.Build.0 = Release|Any CPU
		{F0BDBD89-52B8-44D5-9519-789315F20F63}.Ad-Hoc|ARM.Deploy.0 = Release|Any CPU
		{F0BDBD89-52B8-44D5-9519-789315F20F63}.Ad-Hoc|iPhone.ActiveCfg = Release|Any CPU
		{F0BDBD89-52B8-44D5-9519-789315F20F63}.Ad-Hoc|iPhone.Build.0 = Release|Any CPU
		{F0BDBD89-52B8-44D5-9519-789315F20F63}.Ad-Hoc|iPhone.Deploy.0 = Release|Any CPU
		{F0BDBD89-52B8-44D5-9519-789315F20F63}.Ad-Hoc|iPhoneSimulator.ActiveCfg = Release|Any CPU
		{F0BDBD89-52B8-44D5-9519-789315F20F63}.Ad-Hoc|iPhoneSimulator.Build.0 = Release|Any CPU
		{F0BDBD89-52B8-44D5-9519-789315F20F63}.Ad-Hoc|iPhoneSimulator.Deploy.0 = Release|Any CPU
		{F0BDBD89-52B8-44D5-9519-789315F20F63}.Ad-Hoc|x64.ActiveCfg = Release|Any CPU
		{F0BDBD89-52B8-44D5-9519-789315F20F63}.Ad-Hoc|x64.Build.0 = Release|Any CPU
		{F0BDBD89-52B8-44D5-9519-789315F20F63}.Ad-Hoc|x64.Deploy.0 = Release|Any CPU
		{F0BDBD89-52B8-44D5-9519-789315F20F63}.Ad-Hoc|x86.ActiveCfg = Release|Any CPU
		{F0BDBD89-52B8-44D5-9519-789315F20F63}.Ad-Hoc|x86.Build.0 = Release|Any CPU
		{F0BDBD89-52B8-44D5-9519-789315F20F63}.Ad-Hoc|x86.Deploy.0 = Release|Any CPU
		{F0BDBD89-52B8-44D5-9519-789315F20F63}.AppStore|Any CPU.ActiveCfg = Release|Any CPU
		{F0BDBD89-52B8-44D5-9519-789315F20F63}.AppStore|Any CPU.Build.0 = Release|Any CPU
		{F0BDBD89-52B8-44D5-9519-789315F20F63}.AppStore|Any CPU.Deploy.0 = Release|Any CPU
		{F0BDBD89-52B8-44D5-9519-789315F20F63}.AppStore|ARM.ActiveCfg = Release|Any CPU
		{F0BDBD89-52B8-44D5-9519-789315F20F63}.AppStore|ARM.Build.0 = Release|Any CPU
		{F0BDBD89-52B8-44D5-9519-789315F20F63}.AppStore|ARM.Deploy.0 = Release|Any CPU
		{F0BDBD89-52B8-44D5-9519-789315F20F63}.AppStore|iPhone.ActiveCfg = Release|Any CPU
		{F0BDBD89-52B8-44D5-9519-789315F20F63}.AppStore|iPhone.Build.0 = Release|Any CPU
		{F0BDBD89-52B8-44D5-9519-789315F20F63}.AppStore|iPhone.Deploy.0 = Release|Any CPU
		{F0BDBD89-52B8-44D5-9519-789315F20F63}.AppStore|iPhoneSimulator.ActiveCfg = Release|Any CPU
		{F0BDBD89-52B8-44D5-9519-789315F20F63}.AppStore|iPhoneSimulator.Build.0 = Release|Any CPU
		{F0BDBD89-52B8-44D5-9519-789315F20F63}.AppStore|iPhoneSimulator.Deploy.0 = Release|Any CPU
		{F0BDBD89-52B8-44D5-9519-789315F20F63}.AppStore|x64.ActiveCfg = Release|Any CPU
		{F0BDBD89-52B8-44D5-9519-789315F20F63}.AppStore|x64.Build.0 = Release|Any CPU
		{F0BDBD89-52B8-44D5-9519-789315F20F63}.AppStore|x64.Deploy.0 = Release|Any CPU
		{F0BDBD89-52B8-44D5-9519-789315F20F63}.AppStore|x86.ActiveCfg = Release|Any CPU
		{F0BDBD89-52B8-44D5-9519-789315F20F63}.AppStore|x86.Build.0 = Release|Any CPU
		{F0BDBD89-52B8-44D5-9519-789315F20F63}.AppStore|x86.Deploy.0 = Release|Any CPU
		{F0BDBD89-52B8-44D5-9519-789315F20F63}.Debug|Any CPU.ActiveCfg = Debug|Any CPU
		{F0BDBD89-52B8-44D5-9519-789315F20F63}.Debug|Any CPU.Build.0 = Debug|Any CPU
		{F0BDBD89-52B8-44D5-9519-789315F20F63}.Debug|Any CPU.Deploy.0 = Debug|Any CPU
		{F0BDBD89-52B8-44D5-9519-789315F20F63}.Debug|ARM.ActiveCfg = Debug|Any CPU
		{F0BDBD89-52B8-44D5-9519-789315F20F63}.Debug|ARM.Build.0 = Debug|Any CPU
		{F0BDBD89-52B8-44D5-9519-789315F20F63}.Debug|ARM.Deploy.0 = Debug|Any CPU
		{F0BDBD89-52B8-44D5-9519-789315F20F63}.Debug|iPhone.ActiveCfg = Debug|Any CPU
		{F0BDBD89-52B8-44D5-9519-789315F20F63}.Debug|iPhone.Build.0 = Debug|Any CPU
		{F0BDBD89-52B8-44D5-9519-789315F20F63}.Debug|iPhone.Deploy.0 = Debug|Any CPU
		{F0BDBD89-52B8-44D5-9519-789315F20F63}.Debug|iPhoneSimulator.ActiveCfg = Debug|Any CPU
		{F0BDBD89-52B8-44D5-9519-789315F20F63}.Debug|iPhoneSimulator.Build.0 = Debug|Any CPU
		{F0BDBD89-52B8-44D5-9519-789315F20F63}.Debug|iPhoneSimulator.Deploy.0 = Debug|Any CPU
		{F0BDBD89-52B8-44D5-9519-789315F20F63}.Debug|x64.ActiveCfg = Debug|Any CPU
		{F0BDBD89-52B8-44D5-9519-789315F20F63}.Debug|x64.Build.0 = Debug|Any CPU
		{F0BDBD89-52B8-44D5-9519-789315F20F63}.Debug|x64.Deploy.0 = Debug|Any CPU
		{F0BDBD89-52B8-44D5-9519-789315F20F63}.Debug|x86.ActiveCfg = Debug|Any CPU
		{F0BDBD89-52B8-44D5-9519-789315F20F63}.Debug|x86.Build.0 = Debug|Any CPU
		{F0BDBD89-52B8-44D5-9519-789315F20F63}.Debug|x86.Deploy.0 = Debug|Any CPU
		{F0BDBD89-52B8-44D5-9519-789315F20F63}.Release|Any CPU.ActiveCfg = Release|Any CPU
		{F0BDBD89-52B8-44D5-9519-789315F20F63}.Release|Any CPU.Build.0 = Release|Any CPU
		{F0BDBD89-52B8-44D5-9519-789315F20F63}.Release|Any CPU.Deploy.0 = Release|Any CPU
		{F0BDBD89-52B8-44D5-9519-789315F20F63}.Release|ARM.ActiveCfg = Release|Any CPU
		{F0BDBD89-52B8-44D5-9519-789315F20F63}.Release|ARM.Build.0 = Release|Any CPU
		{F0BDBD89-52B8-44D5-9519-789315F20F63}.Release|ARM.Deploy.0 = Release|Any CPU
		{F0BDBD89-52B8-44D5-9519-789315F20F63}.Release|iPhone.ActiveCfg = Release|Any CPU
		{F0BDBD89-52B8-44D5-9519-789315F20F63}.Release|iPhone.Build.0 = Release|Any CPU
		{F0BDBD89-52B8-44D5-9519-789315F20F63}.Release|iPhone.Deploy.0 = Release|Any CPU
		{F0BDBD89-52B8-44D5-9519-789315F20F63}.Release|iPhoneSimulator.ActiveCfg = Release|Any CPU
		{F0BDBD89-52B8-44D5-9519-789315F20F63}.Release|iPhoneSimulator.Build.0 = Release|Any CPU
		{F0BDBD89-52B8-44D5-9519-789315F20F63}.Release|iPhoneSimulator.Deploy.0 = Release|Any CPU
		{F0BDBD89-52B8-44D5-9519-789315F20F63}.Release|x64.ActiveCfg = Release|Any CPU
		{F0BDBD89-52B8-44D5-9519-789315F20F63}.Release|x64.Build.0 = Release|Any CPU
		{F0BDBD89-52B8-44D5-9519-789315F20F63}.Release|x64.Deploy.0 = Release|Any CPU
		{F0BDBD89-52B8-44D5-9519-789315F20F63}.Release|x86.ActiveCfg = Release|Any CPU
		{F0BDBD89-52B8-44D5-9519-789315F20F63}.Release|x86.Build.0 = Release|Any CPU
		{F0BDBD89-52B8-44D5-9519-789315F20F63}.Release|x86.Deploy.0 = Release|Any CPU
		{BF3AF0CB-1B1E-4909-8253-C925550FC3EA}.Ad-Hoc|Any CPU.ActiveCfg = Ad-Hoc|iPhone
		{BF3AF0CB-1B1E-4909-8253-C925550FC3EA}.Ad-Hoc|ARM.ActiveCfg = Ad-Hoc|iPhone
		{BF3AF0CB-1B1E-4909-8253-C925550FC3EA}.Ad-Hoc|iPhone.ActiveCfg = Ad-Hoc|iPhone
		{BF3AF0CB-1B1E-4909-8253-C925550FC3EA}.Ad-Hoc|iPhone.Build.0 = Ad-Hoc|iPhone
		{BF3AF0CB-1B1E-4909-8253-C925550FC3EA}.Ad-Hoc|iPhoneSimulator.ActiveCfg = Ad-Hoc|iPhoneSimulator
		{BF3AF0CB-1B1E-4909-8253-C925550FC3EA}.Ad-Hoc|iPhoneSimulator.Build.0 = Ad-Hoc|iPhoneSimulator
		{BF3AF0CB-1B1E-4909-8253-C925550FC3EA}.Ad-Hoc|x64.ActiveCfg = Ad-Hoc|iPhone
		{BF3AF0CB-1B1E-4909-8253-C925550FC3EA}.Ad-Hoc|x86.ActiveCfg = Ad-Hoc|iPhone
		{BF3AF0CB-1B1E-4909-8253-C925550FC3EA}.AppStore|Any CPU.ActiveCfg = AppStore|iPhone
		{BF3AF0CB-1B1E-4909-8253-C925550FC3EA}.AppStore|ARM.ActiveCfg = AppStore|iPhone
		{BF3AF0CB-1B1E-4909-8253-C925550FC3EA}.AppStore|iPhone.ActiveCfg = AppStore|iPhone
		{BF3AF0CB-1B1E-4909-8253-C925550FC3EA}.AppStore|iPhone.Build.0 = AppStore|iPhone
		{BF3AF0CB-1B1E-4909-8253-C925550FC3EA}.AppStore|iPhoneSimulator.ActiveCfg = AppStore|iPhoneSimulator
		{BF3AF0CB-1B1E-4909-8253-C925550FC3EA}.AppStore|iPhoneSimulator.Build.0 = AppStore|iPhoneSimulator
		{BF3AF0CB-1B1E-4909-8253-C925550FC3EA}.AppStore|x64.ActiveCfg = AppStore|iPhone
		{BF3AF0CB-1B1E-4909-8253-C925550FC3EA}.AppStore|x86.ActiveCfg = AppStore|iPhone
		{BF3AF0CB-1B1E-4909-8253-C925550FC3EA}.Debug|Any CPU.ActiveCfg = Debug|iPhone
		{BF3AF0CB-1B1E-4909-8253-C925550FC3EA}.Debug|ARM.ActiveCfg = Debug|iPhone
		{BF3AF0CB-1B1E-4909-8253-C925550FC3EA}.Debug|iPhone.ActiveCfg = Debug|iPhone
		{BF3AF0CB-1B1E-4909-8253-C925550FC3EA}.Debug|iPhone.Build.0 = Debug|iPhone
		{BF3AF0CB-1B1E-4909-8253-C925550FC3EA}.Debug|iPhoneSimulator.ActiveCfg = Debug|iPhoneSimulator
		{BF3AF0CB-1B1E-4909-8253-C925550FC3EA}.Debug|iPhoneSimulator.Build.0 = Debug|iPhoneSimulator
		{BF3AF0CB-1B1E-4909-8253-C925550FC3EA}.Debug|x64.ActiveCfg = Debug|iPhone
		{BF3AF0CB-1B1E-4909-8253-C925550FC3EA}.Debug|x86.ActiveCfg = Debug|iPhone
		{BF3AF0CB-1B1E-4909-8253-C925550FC3EA}.Release|Any CPU.ActiveCfg = Release|iPhone
		{BF3AF0CB-1B1E-4909-8253-C925550FC3EA}.Release|ARM.ActiveCfg = Release|iPhone
		{BF3AF0CB-1B1E-4909-8253-C925550FC3EA}.Release|iPhone.ActiveCfg = Release|iPhone
		{BF3AF0CB-1B1E-4909-8253-C925550FC3EA}.Release|iPhone.Build.0 = Release|iPhone
		{BF3AF0CB-1B1E-4909-8253-C925550FC3EA}.Release|iPhoneSimulator.ActiveCfg = Release|iPhoneSimulator
		{BF3AF0CB-1B1E-4909-8253-C925550FC3EA}.Release|iPhoneSimulator.Build.0 = Release|iPhoneSimulator
		{BF3AF0CB-1B1E-4909-8253-C925550FC3EA}.Release|x64.ActiveCfg = Release|iPhone
		{BF3AF0CB-1B1E-4909-8253-C925550FC3EA}.Release|x86.ActiveCfg = Release|iPhone
		{5E66F23A-A0A8-4DE2-9266-8F9CD951DEA9}.Ad-Hoc|Any CPU.ActiveCfg = Release|x86
		{5E66F23A-A0A8-4DE2-9266-8F9CD951DEA9}.Ad-Hoc|Any CPU.Build.0 = Release|x86
		{5E66F23A-A0A8-4DE2-9266-8F9CD951DEA9}.Ad-Hoc|Any CPU.Deploy.0 = Release|x86
		{5E66F23A-A0A8-4DE2-9266-8F9CD951DEA9}.Ad-Hoc|ARM.ActiveCfg = Release|ARM
		{5E66F23A-A0A8-4DE2-9266-8F9CD951DEA9}.Ad-Hoc|ARM.Build.0 = Release|ARM
		{5E66F23A-A0A8-4DE2-9266-8F9CD951DEA9}.Ad-Hoc|ARM.Deploy.0 = Release|ARM
		{5E66F23A-A0A8-4DE2-9266-8F9CD951DEA9}.Ad-Hoc|iPhone.ActiveCfg = Release|x86
		{5E66F23A-A0A8-4DE2-9266-8F9CD951DEA9}.Ad-Hoc|iPhone.Build.0 = Release|x86
		{5E66F23A-A0A8-4DE2-9266-8F9CD951DEA9}.Ad-Hoc|iPhone.Deploy.0 = Release|x86
		{5E66F23A-A0A8-4DE2-9266-8F9CD951DEA9}.Ad-Hoc|iPhoneSimulator.ActiveCfg = Release|x86
		{5E66F23A-A0A8-4DE2-9266-8F9CD951DEA9}.Ad-Hoc|iPhoneSimulator.Build.0 = Release|x86
		{5E66F23A-A0A8-4DE2-9266-8F9CD951DEA9}.Ad-Hoc|iPhoneSimulator.Deploy.0 = Release|x86
		{5E66F23A-A0A8-4DE2-9266-8F9CD951DEA9}.Ad-Hoc|x64.ActiveCfg = Release|x64
		{5E66F23A-A0A8-4DE2-9266-8F9CD951DEA9}.Ad-Hoc|x64.Build.0 = Release|x64
		{5E66F23A-A0A8-4DE2-9266-8F9CD951DEA9}.Ad-Hoc|x64.Deploy.0 = Release|x64
		{5E66F23A-A0A8-4DE2-9266-8F9CD951DEA9}.Ad-Hoc|x86.ActiveCfg = Release|x86
		{5E66F23A-A0A8-4DE2-9266-8F9CD951DEA9}.Ad-Hoc|x86.Build.0 = Release|x86
		{5E66F23A-A0A8-4DE2-9266-8F9CD951DEA9}.Ad-Hoc|x86.Deploy.0 = Release|x86
		{5E66F23A-A0A8-4DE2-9266-8F9CD951DEA9}.AppStore|Any CPU.ActiveCfg = Release|x86
		{5E66F23A-A0A8-4DE2-9266-8F9CD951DEA9}.AppStore|Any CPU.Build.0 = Release|x86
		{5E66F23A-A0A8-4DE2-9266-8F9CD951DEA9}.AppStore|Any CPU.Deploy.0 = Release|x86
		{5E66F23A-A0A8-4DE2-9266-8F9CD951DEA9}.AppStore|ARM.ActiveCfg = Release|ARM
		{5E66F23A-A0A8-4DE2-9266-8F9CD951DEA9}.AppStore|ARM.Build.0 = Release|ARM
		{5E66F23A-A0A8-4DE2-9266-8F9CD951DEA9}.AppStore|ARM.Deploy.0 = Release|ARM
		{5E66F23A-A0A8-4DE2-9266-8F9CD951DEA9}.AppStore|iPhone.ActiveCfg = Release|x86
		{5E66F23A-A0A8-4DE2-9266-8F9CD951DEA9}.AppStore|iPhone.Build.0 = Release|x86
		{5E66F23A-A0A8-4DE2-9266-8F9CD951DEA9}.AppStore|iPhone.Deploy.0 = Release|x86
		{5E66F23A-A0A8-4DE2-9266-8F9CD951DEA9}.AppStore|iPhoneSimulator.ActiveCfg = Release|x86
		{5E66F23A-A0A8-4DE2-9266-8F9CD951DEA9}.AppStore|iPhoneSimulator.Build.0 = Release|x86
		{5E66F23A-A0A8-4DE2-9266-8F9CD951DEA9}.AppStore|iPhoneSimulator.Deploy.0 = Release|x86
		{5E66F23A-A0A8-4DE2-9266-8F9CD951DEA9}.AppStore|x64.ActiveCfg = Release|x64
		{5E66F23A-A0A8-4DE2-9266-8F9CD951DEA9}.AppStore|x64.Build.0 = Release|x64
		{5E66F23A-A0A8-4DE2-9266-8F9CD951DEA9}.AppStore|x64.Deploy.0 = Release|x64
		{5E66F23A-A0A8-4DE2-9266-8F9CD951DEA9}.AppStore|x86.ActiveCfg = Release|x86
		{5E66F23A-A0A8-4DE2-9266-8F9CD951DEA9}.AppStore|x86.Build.0 = Release|x86
		{5E66F23A-A0A8-4DE2-9266-8F9CD951DEA9}.AppStore|x86.Deploy.0 = Release|x86
		{5E66F23A-A0A8-4DE2-9266-8F9CD951DEA9}.Debug|Any CPU.ActiveCfg = Debug|x86
		{5E66F23A-A0A8-4DE2-9266-8F9CD951DEA9}.Debug|ARM.ActiveCfg = Debug|ARM
		{5E66F23A-A0A8-4DE2-9266-8F9CD951DEA9}.Debug|ARM.Build.0 = Debug|ARM
		{5E66F23A-A0A8-4DE2-9266-8F9CD951DEA9}.Debug|ARM.Deploy.0 = Debug|ARM
		{5E66F23A-A0A8-4DE2-9266-8F9CD951DEA9}.Debug|iPhone.ActiveCfg = Debug|x86
		{5E66F23A-A0A8-4DE2-9266-8F9CD951DEA9}.Debug|iPhoneSimulator.ActiveCfg = Debug|x86
		{5E66F23A-A0A8-4DE2-9266-8F9CD951DEA9}.Debug|x64.ActiveCfg = Debug|x64
		{5E66F23A-A0A8-4DE2-9266-8F9CD951DEA9}.Debug|x64.Build.0 = Debug|x64
		{5E66F23A-A0A8-4DE2-9266-8F9CD951DEA9}.Debug|x64.Deploy.0 = Debug|x64
		{5E66F23A-A0A8-4DE2-9266-8F9CD951DEA9}.Debug|x86.ActiveCfg = Debug|x86
		{5E66F23A-A0A8-4DE2-9266-8F9CD951DEA9}.Debug|x86.Build.0 = Debug|x86
		{5E66F23A-A0A8-4DE2-9266-8F9CD951DEA9}.Debug|x86.Deploy.0 = Debug|x86
		{5E66F23A-A0A8-4DE2-9266-8F9CD951DEA9}.Release|Any CPU.ActiveCfg = Release|x86
		{5E66F23A-A0A8-4DE2-9266-8F9CD951DEA9}.Release|ARM.ActiveCfg = Release|ARM
		{5E66F23A-A0A8-4DE2-9266-8F9CD951DEA9}.Release|ARM.Build.0 = Release|ARM
		{5E66F23A-A0A8-4DE2-9266-8F9CD951DEA9}.Release|ARM.Deploy.0 = Release|ARM
		{5E66F23A-A0A8-4DE2-9266-8F9CD951DEA9}.Release|iPhone.ActiveCfg = Release|x86
		{5E66F23A-A0A8-4DE2-9266-8F9CD951DEA9}.Release|iPhoneSimulator.ActiveCfg = Release|x86
		{5E66F23A-A0A8-4DE2-9266-8F9CD951DEA9}.Release|x64.ActiveCfg = Release|x64
		{5E66F23A-A0A8-4DE2-9266-8F9CD951DEA9}.Release|x64.Build.0 = Release|x64
		{5E66F23A-A0A8-4DE2-9266-8F9CD951DEA9}.Release|x64.Deploy.0 = Release|x64
		{5E66F23A-A0A8-4DE2-9266-8F9CD951DEA9}.Release|x86.ActiveCfg = Release|x86
		{5E66F23A-A0A8-4DE2-9266-8F9CD951DEA9}.Release|x86.Build.0 = Release|x86
		{5E66F23A-A0A8-4DE2-9266-8F9CD951DEA9}.Release|x86.Deploy.0 = Release|x86
		{07FD5A30-0C67-4A58-8DAB-5441D9E3BFA3}.Ad-Hoc|Any CPU.ActiveCfg = Release|Any CPU
		{07FD5A30-0C67-4A58-8DAB-5441D9E3BFA3}.Ad-Hoc|Any CPU.Build.0 = Release|Any CPU
		{07FD5A30-0C67-4A58-8DAB-5441D9E3BFA3}.Ad-Hoc|ARM.ActiveCfg = Release|Any CPU
		{07FD5A30-0C67-4A58-8DAB-5441D9E3BFA3}.Ad-Hoc|ARM.Build.0 = Release|Any CPU
		{07FD5A30-0C67-4A58-8DAB-5441D9E3BFA3}.Ad-Hoc|iPhone.ActiveCfg = Release|Any CPU
		{07FD5A30-0C67-4A58-8DAB-5441D9E3BFA3}.Ad-Hoc|iPhone.Build.0 = Release|Any CPU
		{07FD5A30-0C67-4A58-8DAB-5441D9E3BFA3}.Ad-Hoc|iPhoneSimulator.ActiveCfg = Release|Any CPU
		{07FD5A30-0C67-4A58-8DAB-5441D9E3BFA3}.Ad-Hoc|iPhoneSimulator.Build.0 = Release|Any CPU
		{07FD5A30-0C67-4A58-8DAB-5441D9E3BFA3}.Ad-Hoc|x64.ActiveCfg = Release|Any CPU
		{07FD5A30-0C67-4A58-8DAB-5441D9E3BFA3}.Ad-Hoc|x64.Build.0 = Release|Any CPU
		{07FD5A30-0C67-4A58-8DAB-5441D9E3BFA3}.Ad-Hoc|x86.ActiveCfg = Release|Any CPU
		{07FD5A30-0C67-4A58-8DAB-5441D9E3BFA3}.Ad-Hoc|x86.Build.0 = Release|Any CPU
		{07FD5A30-0C67-4A58-8DAB-5441D9E3BFA3}.AppStore|Any CPU.ActiveCfg = Release|Any CPU
		{07FD5A30-0C67-4A58-8DAB-5441D9E3BFA3}.AppStore|Any CPU.Build.0 = Release|Any CPU
		{07FD5A30-0C67-4A58-8DAB-5441D9E3BFA3}.AppStore|ARM.ActiveCfg = Release|Any CPU
		{07FD5A30-0C67-4A58-8DAB-5441D9E3BFA3}.AppStore|ARM.Build.0 = Release|Any CPU
		{07FD5A30-0C67-4A58-8DAB-5441D9E3BFA3}.AppStore|iPhone.ActiveCfg = Release|Any CPU
		{07FD5A30-0C67-4A58-8DAB-5441D9E3BFA3}.AppStore|iPhone.Build.0 = Release|Any CPU
		{07FD5A30-0C67-4A58-8DAB-5441D9E3BFA3}.AppStore|iPhoneSimulator.ActiveCfg = Release|Any CPU
		{07FD5A30-0C67-4A58-8DAB-5441D9E3BFA3}.AppStore|iPhoneSimulator.Build.0 = Release|Any CPU
		{07FD5A30-0C67-4A58-8DAB-5441D9E3BFA3}.AppStore|x64.ActiveCfg = Release|Any CPU
		{07FD5A30-0C67-4A58-8DAB-5441D9E3BFA3}.AppStore|x64.Build.0 = Release|Any CPU
		{07FD5A30-0C67-4A58-8DAB-5441D9E3BFA3}.AppStore|x86.ActiveCfg = Release|Any CPU
		{07FD5A30-0C67-4A58-8DAB-5441D9E3BFA3}.AppStore|x86.Build.0 = Release|Any CPU
		{07FD5A30-0C67-4A58-8DAB-5441D9E3BFA3}.Debug|Any CPU.ActiveCfg = Debug|Any CPU
		{07FD5A30-0C67-4A58-8DAB-5441D9E3BFA3}.Debug|Any CPU.Build.0 = Debug|Any CPU
		{07FD5A30-0C67-4A58-8DAB-5441D9E3BFA3}.Debug|ARM.ActiveCfg = Debug|Any CPU
		{07FD5A30-0C67-4A58-8DAB-5441D9E3BFA3}.Debug|ARM.Build.0 = Debug|Any CPU
		{07FD5A30-0C67-4A58-8DAB-5441D9E3BFA3}.Debug|iPhone.ActiveCfg = Debug|Any CPU
		{07FD5A30-0C67-4A58-8DAB-5441D9E3BFA3}.Debug|iPhone.Build.0 = Debug|Any CPU
		{07FD5A30-0C67-4A58-8DAB-5441D9E3BFA3}.Debug|iPhoneSimulator.ActiveCfg = Debug|Any CPU
		{07FD5A30-0C67-4A58-8DAB-5441D9E3BFA3}.Debug|iPhoneSimulator.Build.0 = Debug|Any CPU
		{07FD5A30-0C67-4A58-8DAB-5441D9E3BFA3}.Debug|x64.ActiveCfg = Debug|Any CPU
		{07FD5A30-0C67-4A58-8DAB-5441D9E3BFA3}.Debug|x64.Build.0 = Debug|Any CPU
		{07FD5A30-0C67-4A58-8DAB-5441D9E3BFA3}.Debug|x86.ActiveCfg = Debug|Any CPU
		{07FD5A30-0C67-4A58-8DAB-5441D9E3BFA3}.Debug|x86.Build.0 = Debug|Any CPU
		{07FD5A30-0C67-4A58-8DAB-5441D9E3BFA3}.Release|Any CPU.ActiveCfg = Release|Any CPU
		{07FD5A30-0C67-4A58-8DAB-5441D9E3BFA3}.Release|Any CPU.Build.0 = Release|Any CPU
		{07FD5A30-0C67-4A58-8DAB-5441D9E3BFA3}.Release|ARM.ActiveCfg = Release|Any CPU
		{07FD5A30-0C67-4A58-8DAB-5441D9E3BFA3}.Release|ARM.Build.0 = Release|Any CPU
		{07FD5A30-0C67-4A58-8DAB-5441D9E3BFA3}.Release|iPhone.ActiveCfg = Release|Any CPU
		{07FD5A30-0C67-4A58-8DAB-5441D9E3BFA3}.Release|iPhone.Build.0 = Release|Any CPU
		{07FD5A30-0C67-4A58-8DAB-5441D9E3BFA3}.Release|iPhoneSimulator.ActiveCfg = Release|Any CPU
		{07FD5A30-0C67-4A58-8DAB-5441D9E3BFA3}.Release|iPhoneSimulator.Build.0 = Release|Any CPU
		{07FD5A30-0C67-4A58-8DAB-5441D9E3BFA3}.Release|x64.ActiveCfg = Release|Any CPU
		{07FD5A30-0C67-4A58-8DAB-5441D9E3BFA3}.Release|x64.Build.0 = Release|Any CPU
		{07FD5A30-0C67-4A58-8DAB-5441D9E3BFA3}.Release|x86.ActiveCfg = Release|Any CPU
		{07FD5A30-0C67-4A58-8DAB-5441D9E3BFA3}.Release|x86.Build.0 = Release|Any CPU
	EndGlobalSection
	GlobalSection(SolutionProperties) = preSolution
		HideSolutionNode = FALSE
	EndGlobalSection
	GlobalSection(TeamFoundationVersionControl) = preSolution
		SccNumberOfProjects = 7
		SccEnterpriseProvider = {4CA58AB2-18FA-4F8D-95D4-32DDF27D184C}
		SccTeamFoundationServer = https://goglue.visualstudio.com/
		SccLocalPath0 = .
		SccProjectUniqueName1 = Hack.Xamarin\\Hack.Xamarin.Android\\Hack.Xamarin.Android.csproj
		SccProjectName1 = Hack.Xamarin/Hack.Xamarin.Android
		SccLocalPath1 = Hack.Xamarin\\Hack.Xamarin.Android
		SccProjectUniqueName2 = Hack.Xamarin\\Hack.Xamarin.iOS\\Hack.Xamarin.iOS.csproj
		SccProjectName2 = Hack.Xamarin/Hack.Xamarin.iOS
		SccLocalPath2 = Hack.Xamarin\\Hack.Xamarin.iOS
		SccProjectUniqueName3 = Hack.Xamarin\\Hack.Xamarin.UWP\\Hack.Xamarin.UWP.csproj
		SccProjectName3 = Hack.Xamarin/Hack.Xamarin.UWP
		SccLocalPath3 = Hack.Xamarin\\Hack.Xamarin.UWP
		SccProjectUniqueName4 = Hack.Xamarin\\Hack.Xamarin\\Hack.Xamarin.projitems
		SccProjectTopLevelParentUniqueName4 = Hack.Xamarin\\Hack.Xamarin\\Hack.Xamarin.shproj
		SccProjectName4 = Hack.Xamarin/Hack.Xamarin
		SccLocalPath4 = Hack.Xamarin\\Hack.Xamarin
		SccProjectUniqueName5 = Hack.Xamarin\\Hack.Xamarin\\Hack.Xamarin.shproj
		SccProjectName5 = Hack.Xamarin/Hack.Xamarin
		SccLocalPath5 = Hack.Xamarin\\Hack.Xamarin
		SccProjectUniqueName6 = Hack.JourneyWeb\\Hack.JourneyWeb.csproj
		SccProjectName6 = Hack.JourneyWeb
		SccLocalPath6 = Hack.JourneyWeb
	EndGlobalSection
EndGlobal
